
Microsoft Visual Studio Solution File, Format Version 12.00
# Visual Studio Version 16
VisualStudioVersion = 16.0.29209.62
MinimumVisualStudioVersion = 10.0.40219.1
Project("{FAE04EC0-301F-11D3-BF4B-00C04F79EFBC}") = "CurrencyConverterConsoleApplication", "CurrencyConverterConsoleApplication.csproj", "{C919F07D-2F18-4041-8CB7-0664C1D13085}"
EndProject
Global
	GlobalSection(SolutionConfigurationPlatforms) = preSolution
		Debug|Any CPU = Debug|Any CPU
		Release|Any CPU = Release|Any CPU
	EndGlobalSection
	GlobalSection(ProjectConfigurationPlatforms) = postSolution
		{C919F07D-2F18-4041-8CB7-0664C1D13085}.Debug|Any CPU.ActiveCfg = Debug|Any CPU
		{C919F07D-2F18-4041-8CB7-0664C1D13085}.Debug|Any CPU.Build.0 = Debug|Any CPU
		{C919F07D-2F18-4041-8CB7-0664C1D13085}.Release|Any CPU.ActiveCfg = Release|Any CPU
		{C919F07D-2F18-4041-8CB7-0664C1D13085}.Release|Any CPU.Build.0 = Release|Any CPU
	EndGlobalSection
	GlobalSection(SolutionProperties) = preSolution
		HideSolutionNode = FALSE
	EndGlobalSection
	GlobalSection(ExtensibilityGlobals) = postSolution
		SolutionGuid = {B5EDD660-E314-4F56-9AB0-C78B75DDFA07}
	EndGlobalSection
EndGlobal
